{
  "sha": "6ef716553a56267bb3eb743ece483db8aa94cecb",
  "sources": {
    "mongodb": {
      "locked_version": "0.13.3",
      "constraint": "= 0.13.3",
      "path": "."
    },
    "apt": {
      "locked_version": "2.1.1",
      "constraint": ">= 1.8.2"
    },
    "yum": {
      "locked_version": "2.3.2"
    },
    "git": {
      "locked_version": "2.6.0"
    },
    "dmg": {
      "locked_version": "2.0.0"
    },
    "build-essential": {
      "locked_version": "1.4.2"
    },
    "windows": {
      "locked_version": "1.10.0"
    },
    "chef_handler": {
      "locked_version": "1.1.4"
    },
    "runit": {
      "locked_version": "1.2.0",
      "constraint": ">= 1.0.0"
    },
    "ssh_known_hosts": {
      "locked_version": "1.0.2"
    },
    "partial_search": {
      "locked_version": "1.0.2"
    }
  }
}
